
Microsoft Visual Studio Solution File, Format Version 12.00
# Visual Studio Version 17
VisualStudioVersion = 17.7.34031.279
MinimumVisualStudioVersion = 10.0.40219.1
Project("{FAE04EC0-301F-11D3-BF4B-00C04F79EFBC}") = "5_Enumeracao_Composicao", "5_Enumeracao_Composicao\5_Enumeracao_Composicao.csproj", "{C5861551-3167-4584-9F80-1B336CB97DF4}"
EndProject
Project("{FAE04EC0-301F-11D3-BF4B-00C04F79EFBC}") = "Enum", "Enum\Enum.csproj", "{05E3FD2E-60A4-4A52-869C-BA4A75236DDC}"
EndProject
Global
	GlobalSection(SolutionConfigurationPlatforms) = preSolution
		Debug|Any CPU = Debug|Any CPU
		Release|Any CPU = Release|Any CPU
	EndGlobalSection
	GlobalSection(ProjectConfigurationPlatforms) = postSolution
		{C5861551-3167-4584-9F80-1B336CB97DF4}.Debug|Any CPU.ActiveCfg = Debug|Any CPU
		{C5861551-3167-4584-9F80-1B336CB97DF4}.Debug|Any CPU.Build.0 = Debug|Any CPU
		{C5861551-3167-4584-9F80-1B336CB97DF4}.Release|Any CPU.ActiveCfg = Release|Any CPU
		{C5861551-3167-4584-9F80-1B336CB97DF4}.Release|Any CPU.Build.0 = Release|Any CPU
		{05E3FD2E-60A4-4A52-869C-BA4A75236DDC}.Debug|Any CPU.ActiveCfg = Debug|Any CPU
		{05E3FD2E-60A4-4A52-869C-BA4A75236DDC}.Debug|Any CPU.Build.0 = Debug|Any CPU
		{05E3FD2E-60A4-4A52-869C-BA4A75236DDC}.Release|Any CPU.ActiveCfg = Release|Any CPU
		{05E3FD2E-60A4-4A52-869C-BA4A75236DDC}.Release|Any CPU.Build.0 = Release|Any CPU
	EndGlobalSection
	GlobalSection(SolutionProperties) = preSolution
		HideSolutionNode = FALSE
	EndGlobalSection
	GlobalSection(ExtensibilityGlobals) = postSolution
		SolutionGuid = {BCC72AA7-15EF-4BBE-A684-F40C3A6F4B6F}
	EndGlobalSection
EndGlobal
