
Microsoft Visual Studio Solution File, Format Version 12.00
# Visual Studio Version 17
VisualStudioVersion = 17.6.33815.320
MinimumVisualStudioVersion = 10.0.40219.1
Project("{9A19103F-16F7-4668-BE54-9A1E7A4F7556}") = "Course", "Course.csproj", "{8A81C5DB-4215-4AE1-A806-E5EF54CBDA7B}"
EndProject
Project("{9A19103F-16F7-4668-BE54-9A1E7A4F7556}") = "Nullable", "..\Nullable\Nullable.csproj", "{F7C16183-31AB-408B-A4BB-77C3D5477705}"
EndProject
Project("{9A19103F-16F7-4668-BE54-9A1E7A4F7556}") = "Vetor", "..\Vetor\Vetor.csproj", "{42BA27F9-4B33-447C-9BE8-1CE7C074385C}"
EndProject
Project("{9A19103F-16F7-4668-BE54-9A1E7A4F7556}") = "Ex01", "..\Ex01\Ex01.csproj", "{C8172562-D021-496E-849C-92EAC72A21BB}"
EndProject
Project("{9A19103F-16F7-4668-BE54-9A1E7A4F7556}") = "Params", "..\Params\Params.csproj", "{18DB91A5-7A9E-4238-8049-21ADA1925756}"
EndProject
Project("{9A19103F-16F7-4668-BE54-9A1E7A4F7556}") = "ModificadorRef", "..\ModificadorRef\ModificadorRef.csproj", "{6F1C2210-F51A-49AE-BE14-ABA5DA744610}"
EndProject
Project("{9A19103F-16F7-4668-BE54-9A1E7A4F7556}") = "Foreach", "..\Foreach\Foreach.csproj", "{7F336E82-6B1C-4BC3-B890-67B8874031A6}"
EndProject
Project("{FAE04EC0-301F-11D3-BF4B-00C04F79EFBC}") = "List", "..\List\List.csproj", "{4B275C90-FE6B-43E0-8A63-7D193300ACF4}"
EndProject
Global
	GlobalSection(SolutionConfigurationPlatforms) = preSolution
		Debug|Any CPU = Debug|Any CPU
		Release|Any CPU = Release|Any CPU
	EndGlobalSection
	GlobalSection(ProjectConfigurationPlatforms) = postSolution
		{8A81C5DB-4215-4AE1-A806-E5EF54CBDA7B}.Debug|Any CPU.ActiveCfg = Debug|Any CPU
		{8A81C5DB-4215-4AE1-A806-E5EF54CBDA7B}.Debug|Any CPU.Build.0 = Debug|Any CPU
		{8A81C5DB-4215-4AE1-A806-E5EF54CBDA7B}.Release|Any CPU.ActiveCfg = Release|Any CPU
		{8A81C5DB-4215-4AE1-A806-E5EF54CBDA7B}.Release|Any CPU.Build.0 = Release|Any CPU
		{F7C16183-31AB-408B-A4BB-77C3D5477705}.Debug|Any CPU.ActiveCfg = Debug|Any CPU
		{F7C16183-31AB-408B-A4BB-77C3D5477705}.Debug|Any CPU.Build.0 = Debug|Any CPU
		{F7C16183-31AB-408B-A4BB-77C3D5477705}.Release|Any CPU.ActiveCfg = Release|Any CPU
		{F7C16183-31AB-408B-A4BB-77C3D5477705}.Release|Any CPU.Build.0 = Release|Any CPU
		{42BA27F9-4B33-447C-9BE8-1CE7C074385C}.Debug|Any CPU.ActiveCfg = Debug|Any CPU
		{42BA27F9-4B33-447C-9BE8-1CE7C074385C}.Debug|Any CPU.Build.0 = Debug|Any CPU
		{42BA27F9-4B33-447C-9BE8-1CE7C074385C}.Release|Any CPU.ActiveCfg = Release|Any CPU
		{42BA27F9-4B33-447C-9BE8-1CE7C074385C}.Release|Any CPU.Build.0 = Release|Any CPU
		{C8172562-D021-496E-849C-92EAC72A21BB}.Debug|Any CPU.ActiveCfg = Debug|Any CPU
		{C8172562-D021-496E-849C-92EAC72A21BB}.Debug|Any CPU.Build.0 = Debug|Any CPU
		{C8172562-D021-496E-849C-92EAC72A21BB}.Release|Any CPU.ActiveCfg = Release|Any CPU
		{C8172562-D021-496E-849C-92EAC72A21BB}.Release|Any CPU.Build.0 = Release|Any CPU
		{18DB91A5-7A9E-4238-8049-21ADA1925756}.Debug|Any CPU.ActiveCfg = Debug|Any CPU
		{18DB91A5-7A9E-4238-8049-21ADA1925756}.Debug|Any CPU.Build.0 = Debug|Any CPU
		{18DB91A5-7A9E-4238-8049-21ADA1925756}.Release|Any CPU.ActiveCfg = Release|Any CPU
		{18DB91A5-7A9E-4238-8049-21ADA1925756}.Release|Any CPU.Build.0 = Release|Any CPU
		{6F1C2210-F51A-49AE-BE14-ABA5DA744610}.Debug|Any CPU.ActiveCfg = Debug|Any CPU
		{6F1C2210-F51A-49AE-BE14-ABA5DA744610}.Debug|Any CPU.Build.0 = Debug|Any CPU
		{6F1C2210-F51A-49AE-BE14-ABA5DA744610}.Release|Any CPU.ActiveCfg = Release|Any CPU
		{6F1C2210-F51A-49AE-BE14-ABA5DA744610}.Release|Any CPU.Build.0 = Release|Any CPU
		{7F336E82-6B1C-4BC3-B890-67B8874031A6}.Debug|Any CPU.ActiveCfg = Debug|Any CPU
		{7F336E82-6B1C-4BC3-B890-67B8874031A6}.Debug|Any CPU.Build.0 = Debug|Any CPU
		{7F336E82-6B1C-4BC3-B890-67B8874031A6}.Release|Any CPU.ActiveCfg = Release|Any CPU
		{7F336E82-6B1C-4BC3-B890-67B8874031A6}.Release|Any CPU.Build.0 = Release|Any CPU
		{4B275C90-FE6B-43E0-8A63-7D193300ACF4}.Debug|Any CPU.ActiveCfg = Debug|Any CPU
		{4B275C90-FE6B-43E0-8A63-7D193300ACF4}.Debug|Any CPU.Build.0 = Debug|Any CPU
		{4B275C90-FE6B-43E0-8A63-7D193300ACF4}.Release|Any CPU.ActiveCfg = Release|Any CPU
		{4B275C90-FE6B-43E0-8A63-7D193300ACF4}.Release|Any CPU.Build.0 = Release|Any CPU
	EndGlobalSection
	GlobalSection(SolutionProperties) = preSolution
		HideSolutionNode = FALSE
	EndGlobalSection
	GlobalSection(ExtensibilityGlobals) = postSolution
		SolutionGuid = {4DD62889-96D3-44F6-8D5C-3A47B7DE2F47}
	EndGlobalSection
EndGlobal
