
Microsoft Visual Studio Solution File, Format Version 12.00
# Visual Studio Version 17
VisualStudioVersion = 17.8.34330.188
MinimumVisualStudioVersion = 10.0.40219.1
Project("{FAE04EC0-301F-11D3-BF4B-00C04F79EFBC}") = "SobreposicaoVirtualOverrideBase", "SobreposicaoVirtualOverrideBase.csproj", "{0F40D28D-5D86-453F-AE01-44897DE1B6BB}"
EndProject
Global
	GlobalSection(SolutionConfigurationPlatforms) = preSolution
		Debug|Any CPU = Debug|Any CPU
		Release|Any CPU = Release|Any CPU
	EndGlobalSection
	GlobalSection(ProjectConfigurationPlatforms) = postSolution
		{0F40D28D-5D86-453F-AE01-44897DE1B6BB}.Debug|Any CPU.ActiveCfg = Debug|Any CPU
		{0F40D28D-5D86-453F-AE01-44897DE1B6BB}.Debug|Any CPU.Build.0 = Debug|Any CPU
		{0F40D28D-5D86-453F-AE01-44897DE1B6BB}.Release|Any CPU.ActiveCfg = Release|Any CPU
		{0F40D28D-5D86-453F-AE01-44897DE1B6BB}.Release|Any CPU.Build.0 = Release|Any CPU
	EndGlobalSection
	GlobalSection(SolutionProperties) = preSolution
		HideSolutionNode = FALSE
	EndGlobalSection
	GlobalSection(ExtensibilityGlobals) = postSolution
		SolutionGuid = {50546392-F480-4841-BCE7-1C09CCB2E9C3}
	EndGlobalSection
EndGlobal
