
Microsoft Visual Studio Solution File, Format Version 12.00
# Visual Studio Version 17
VisualStudioVersion = 17.7.34031.279
MinimumVisualStudioVersion = 10.0.40219.1
Project("{9A19103F-16F7-4668-BE54-9A1E7A4F7556}") = "5_datetime", "5_datetime.csproj", "{61FF6C94-3419-4623-8D33-A1251ADEA81F}"
EndProject
Global
	GlobalSection(SolutionConfigurationPlatforms) = preSolution
		Debug|Any CPU = Debug|Any CPU
		Release|Any CPU = Release|Any CPU
	EndGlobalSection
	GlobalSection(ProjectConfigurationPlatforms) = postSolution
		{61FF6C94-3419-4623-8D33-A1251ADEA81F}.Debug|Any CPU.ActiveCfg = Debug|Any CPU
		{61FF6C94-3419-4623-8D33-A1251ADEA81F}.Debug|Any CPU.Build.0 = Debug|Any CPU
		{61FF6C94-3419-4623-8D33-A1251ADEA81F}.Release|Any CPU.ActiveCfg = Release|Any CPU
		{61FF6C94-3419-4623-8D33-A1251ADEA81F}.Release|Any CPU.Build.0 = Release|Any CPU
	EndGlobalSection
	GlobalSection(SolutionProperties) = preSolution
		HideSolutionNode = FALSE
	EndGlobalSection
	GlobalSection(ExtensibilityGlobals) = postSolution
		SolutionGuid = {232D72EF-1287-460E-9A72-3C0B425A0576}
	EndGlobalSection
EndGlobal
