
Microsoft Visual Studio Solution File, Format Version 12.00
# Visual Studio Version 17
VisualStudioVersion = 17.6.33815.320
MinimumVisualStudioVersion = 10.0.40219.1
Project("{9A19103F-16F7-4668-BE54-9A1E7A4F7556}") = "ConstrutoresSobrecargaEncapsulamento", "ConstrutoresSobrecargaEncapsulamento\ConstrutoresSobrecargaEncapsulamento.csproj", "{B3518CEB-3AA2-4EC4-BD01-4B29566DE0FC}"
EndProject
Project("{9A19103F-16F7-4668-BE54-9A1E7A4F7556}") = "Sobrecarga", "Sobrecarga\Sobrecarga.csproj", "{340145C2-0B28-45A5-B028-A078BC4ED8DF}"
EndProject
Project("{9A19103F-16F7-4668-BE54-9A1E7A4F7556}") = "PalavraThis", "PalavraThis\PalavraThis.csproj", "{B237D4E6-7662-4199-80DA-3A535BA3416C}"
EndProject
Project("{FAE04EC0-301F-11D3-BF4B-00C04F79EFBC}") = "Encapsulamento", "Encapsulamento\Encapsulamento.csproj", "{A2384209-0AE0-45BB-A9EE-BE33011D8584}"
EndProject
Project("{FAE04EC0-301F-11D3-BF4B-00C04F79EFBC}") = "Properties", "Properties\Properties.csproj", "{D0217517-1A45-4603-BF5D-B1C613B380F7}"
EndProject
Global
	GlobalSection(SolutionConfigurationPlatforms) = preSolution
		Debug|Any CPU = Debug|Any CPU
		Release|Any CPU = Release|Any CPU
	EndGlobalSection
	GlobalSection(ProjectConfigurationPlatforms) = postSolution
		{B3518CEB-3AA2-4EC4-BD01-4B29566DE0FC}.Debug|Any CPU.ActiveCfg = Debug|Any CPU
		{B3518CEB-3AA2-4EC4-BD01-4B29566DE0FC}.Debug|Any CPU.Build.0 = Debug|Any CPU
		{B3518CEB-3AA2-4EC4-BD01-4B29566DE0FC}.Release|Any CPU.ActiveCfg = Release|Any CPU
		{B3518CEB-3AA2-4EC4-BD01-4B29566DE0FC}.Release|Any CPU.Build.0 = Release|Any CPU
		{340145C2-0B28-45A5-B028-A078BC4ED8DF}.Debug|Any CPU.ActiveCfg = Debug|Any CPU
		{340145C2-0B28-45A5-B028-A078BC4ED8DF}.Debug|Any CPU.Build.0 = Debug|Any CPU
		{340145C2-0B28-45A5-B028-A078BC4ED8DF}.Release|Any CPU.ActiveCfg = Release|Any CPU
		{340145C2-0B28-45A5-B028-A078BC4ED8DF}.Release|Any CPU.Build.0 = Release|Any CPU
		{B237D4E6-7662-4199-80DA-3A535BA3416C}.Debug|Any CPU.ActiveCfg = Debug|Any CPU
		{B237D4E6-7662-4199-80DA-3A535BA3416C}.Debug|Any CPU.Build.0 = Debug|Any CPU
		{B237D4E6-7662-4199-80DA-3A535BA3416C}.Release|Any CPU.ActiveCfg = Release|Any CPU
		{B237D4E6-7662-4199-80DA-3A535BA3416C}.Release|Any CPU.Build.0 = Release|Any CPU
		{A2384209-0AE0-45BB-A9EE-BE33011D8584}.Debug|Any CPU.ActiveCfg = Debug|Any CPU
		{A2384209-0AE0-45BB-A9EE-BE33011D8584}.Debug|Any CPU.Build.0 = Debug|Any CPU
		{A2384209-0AE0-45BB-A9EE-BE33011D8584}.Release|Any CPU.ActiveCfg = Release|Any CPU
		{A2384209-0AE0-45BB-A9EE-BE33011D8584}.Release|Any CPU.Build.0 = Release|Any CPU
		{D0217517-1A45-4603-BF5D-B1C613B380F7}.Debug|Any CPU.ActiveCfg = Debug|Any CPU
		{D0217517-1A45-4603-BF5D-B1C613B380F7}.Debug|Any CPU.Build.0 = Debug|Any CPU
		{D0217517-1A45-4603-BF5D-B1C613B380F7}.Release|Any CPU.ActiveCfg = Release|Any CPU
		{D0217517-1A45-4603-BF5D-B1C613B380F7}.Release|Any CPU.Build.0 = Release|Any CPU
	EndGlobalSection
	GlobalSection(SolutionProperties) = preSolution
		HideSolutionNode = FALSE
	EndGlobalSection
	GlobalSection(ExtensibilityGlobals) = postSolution
		SolutionGuid = {6F501C2B-4C8C-4730-AE53-91380875EE06}
	EndGlobalSection
EndGlobal
