
Microsoft Visual Studio Solution File, Format Version 12.00
# Visual Studio Version 17
VisualStudioVersion = 17.6.33815.320
MinimumVisualStudioVersion = 10.0.40219.1
Project("{FAE04EC0-301F-11D3-BF4B-00C04F79EFBC}") = "ConstrutoresSobrecargaEncapsulamento", "ConstrutoresSobrecargaEncapsulamento\ConstrutoresSobrecargaEncapsulamento.csproj", "{B3518CEB-3AA2-4EC4-BD01-4B29566DE0FC}"
EndProject
Project("{FAE04EC0-301F-11D3-BF4B-00C04F79EFBC}") = "Sobrecarga", "Sobrecarga\Sobrecarga.csproj", "{340145C2-0B28-45A5-B028-A078BC4ED8DF}"
EndProject
Project("{FAE04EC0-301F-11D3-BF4B-00C04F79EFBC}") = "PalavraThis", "PalavraThis\PalavraThis.csproj", "{B237D4E6-7662-4199-80DA-3A535BA3416C}"
EndProject
Global
	GlobalSection(SolutionConfigurationPlatforms) = preSolution
		Debug|Any CPU = Debug|Any CPU
		Release|Any CPU = Release|Any CPU
	EndGlobalSection
	GlobalSection(ProjectConfigurationPlatforms) = postSolution
		{B3518CEB-3AA2-4EC4-BD01-4B29566DE0FC}.Debug|Any CPU.ActiveCfg = Debug|Any CPU
		{B3518CEB-3AA2-4EC4-BD01-4B29566DE0FC}.Debug|Any CPU.Build.0 = Debug|Any CPU
		{B3518CEB-3AA2-4EC4-BD01-4B29566DE0FC}.Release|Any CPU.ActiveCfg = Release|Any CPU
		{B3518CEB-3AA2-4EC4-BD01-4B29566DE0FC}.Release|Any CPU.Build.0 = Release|Any CPU
		{340145C2-0B28-45A5-B028-A078BC4ED8DF}.Debug|Any CPU.ActiveCfg = Debug|Any CPU
		{340145C2-0B28-45A5-B028-A078BC4ED8DF}.Debug|Any CPU.Build.0 = Debug|Any CPU
		{340145C2-0B28-45A5-B028-A078BC4ED8DF}.Release|Any CPU.ActiveCfg = Release|Any CPU
		{340145C2-0B28-45A5-B028-A078BC4ED8DF}.Release|Any CPU.Build.0 = Release|Any CPU
		{B237D4E6-7662-4199-80DA-3A535BA3416C}.Debug|Any CPU.ActiveCfg = Debug|Any CPU
		{B237D4E6-7662-4199-80DA-3A535BA3416C}.Debug|Any CPU.Build.0 = Debug|Any CPU
		{B237D4E6-7662-4199-80DA-3A535BA3416C}.Release|Any CPU.ActiveCfg = Release|Any CPU
		{B237D4E6-7662-4199-80DA-3A535BA3416C}.Release|Any CPU.Build.0 = Release|Any CPU
	EndGlobalSection
	GlobalSection(SolutionProperties) = preSolution
		HideSolutionNode = FALSE
	EndGlobalSection
	GlobalSection(ExtensibilityGlobals) = postSolution
		SolutionGuid = {6F501C2B-4C8C-4730-AE53-91380875EE06}
	EndGlobalSection
EndGlobal
