
Microsoft Visual Studio Solution File, Format Version 12.00
# Visual Studio Version 17
VisualStudioVersion = 17.8.34330.188
MinimumVisualStudioVersion = 10.0.40219.1
Project("{FAE04EC0-301F-11D3-BF4B-00C04F79EFBC}") = "AbstractClass", "AbstractClass.csproj", "{80B540F1-D969-4371-9A92-BCEF9925FB07}"
EndProject
Global
	GlobalSection(SolutionConfigurationPlatforms) = preSolution
		Debug|Any CPU = Debug|Any CPU
		Release|Any CPU = Release|Any CPU
	EndGlobalSection
	GlobalSection(ProjectConfigurationPlatforms) = postSolution
		{80B540F1-D969-4371-9A92-BCEF9925FB07}.Debug|Any CPU.ActiveCfg = Debug|Any CPU
		{80B540F1-D969-4371-9A92-BCEF9925FB07}.Debug|Any CPU.Build.0 = Debug|Any CPU
		{80B540F1-D969-4371-9A92-BCEF9925FB07}.Release|Any CPU.ActiveCfg = Release|Any CPU
		{80B540F1-D969-4371-9A92-BCEF9925FB07}.Release|Any CPU.Build.0 = Release|Any CPU
	EndGlobalSection
	GlobalSection(SolutionProperties) = preSolution
		HideSolutionNode = FALSE
	EndGlobalSection
	GlobalSection(ExtensibilityGlobals) = postSolution
		SolutionGuid = {6EBCE768-2DF6-4BD5-A88F-0F045AE85F44}
	EndGlobalSection
EndGlobal
